
Microsoft Visual Studio Solution File, Format Version 12.00
# Visual Studio Version 16
VisualStudioVersion = 16.0.31515.178
MinimumVisualStudioVersion = 10.0.40219.1
Project("{FAE04EC0-301F-11D3-BF4B-00C04F79EFBC}") = "RNoteApi", "RNoteApi\RNoteApi.csproj", "{B841AFD8-3FA3-4F05-BD2D-60550C699ACA}"
EndProject
Global
	GlobalSection(SolutionConfigurationPlatforms) = preSolution
		Debug|Any CPU = Debug|Any CPU
		Release|Any CPU = Release|Any CPU
	EndGlobalSection
	GlobalSection(ProjectConfigurationPlatforms) = postSolution
		{B841AFD8-3FA3-4F05-BD2D-60550C699ACA}.Debug|Any CPU.ActiveCfg = Debug|Any CPU
		{B841AFD8-3FA3-4F05-BD2D-60550C699ACA}.Debug|Any CPU.Build.0 = Debug|Any CPU
		{B841AFD8-3FA3-4F05-BD2D-60550C699ACA}.Release|Any CPU.ActiveCfg = Release|Any CPU
		{B841AFD8-3FA3-4F05-BD2D-60550C699ACA}.Release|Any CPU.Build.0 = Release|Any CPU
	EndGlobalSection
	GlobalSection(SolutionProperties) = preSolution
		HideSolutionNode = FALSE
	EndGlobalSection
	GlobalSection(ExtensibilityGlobals) = postSolution
		SolutionGuid = {57700F78-E35C-483B-8E09-62C5717C3905}
	EndGlobalSection
EndGlobal
